// !$*UTF8*$!
{
	archiveVersion = 1;
	classes = {
	};
	objectVersion = 50;
	objects = {

/* Begin PBXBuildFile section */
		181842DD24A1D5B300441E08 /* CardView.swift in Sources */ = {isa = PBXBuildFile; fileRef = 181842DC24A1D5B300441E08 /* CardView.swift */; };
		181842DF24A1D77400441E08 /* SingleRow_tasklist_Dashboard.swift in Sources */ = {isa = PBXBuildFile; fileRef = 181842DE24A1D77400441E08 /* SingleRow_tasklist_Dashboard.swift */; };
		1832C46324A4661000C25289 /* LeadList_ViewController.swift in Sources */ = {isa = PBXBuildFile; fileRef = 1832C46224A4661000C25289 /* LeadList_ViewController.swift */; };
		1832C46524A4663C00C25289 /* SingleRow_LeadList.swift in Sources */ = {isa = PBXBuildFile; fileRef = 1832C46424A4663C00C25289 /* SingleRow_LeadList.swift */; };
		1832C46724A5AA9900C25289 /* View_Expense_ViewController.swift in Sources */ = {isa = PBXBuildFile; fileRef = 1832C46624A5AA9900C25289 /* View_Expense_ViewController.swift */; };
		1832C46924A5AACB00C25289 /* Single_Row_ViewExpense.swift in Sources */ = {isa = PBXBuildFile; fileRef = 1832C46824A5AACB00C25289 /* Single_Row_ViewExpense.swift */; };
		1832C46B24A5B78B00C25289 /* MySOP_ViewController.swift in Sources */ = {isa = PBXBuildFile; fileRef = 1832C46A24A5B78B00C25289 /* MySOP_ViewController.swift */; };
		1832C46D24A5B7DD00C25289 /* SingleRow_MySOP.swift in Sources */ = {isa = PBXBuildFile; fileRef = 1832C46C24A5B7DD00C25289 /* SingleRow_MySOP.swift */; };
		1832C46F24A5BC7900C25289 /* MyReport_ViewController.swift in Sources */ = {isa = PBXBuildFile; fileRef = 1832C46E24A5BC7900C25289 /* MyReport_ViewController.swift */; };
		1832C47124A5BC9200C25289 /* SingleRow_MyReportTableViewCell.swift in Sources */ = {isa = PBXBuildFile; fileRef = 1832C47024A5BC9200C25289 /* SingleRow_MyReportTableViewCell.swift */; };
		1843D8C724A46222005324EA /* Warning_ViewController.swift in Sources */ = {isa = PBXBuildFile; fileRef = 1843D8C624A46222005324EA /* Warning_ViewController.swift */; };
		1843D8C924A46250005324EA /* SingleRow_Warning.swift in Sources */ = {isa = PBXBuildFile; fileRef = 1843D8C824A46250005324EA /* SingleRow_Warning.swift */; };
		18A813EB24A324C300441353 /* SingleRow_Acknowledgement.swift in Sources */ = {isa = PBXBuildFile; fileRef = 18A813EA24A324C300441353 /* SingleRow_Acknowledgement.swift */; };
		18A813ED24A337CC00441353 /* LeaveStatus_ViewController.swift in Sources */ = {isa = PBXBuildFile; fileRef = 18A813EC24A337CC00441353 /* LeaveStatus_ViewController.swift */; };
		18A813EF24A33FD100441353 /* SingleRow_LeaveStatus_TableViewCell.swift in Sources */ = {isa = PBXBuildFile; fileRef = 18A813EE24A33FD100441353 /* SingleRow_LeaveStatus_TableViewCell.swift */; };
		18AA5CDB249B528000F4902C /* SidePanelViewController.swift in Sources */ = {isa = PBXBuildFile; fileRef = 18AA5CD6249B527F00F4902C /* SidePanelViewController.swift */; };
		18AA5CDD249B528000F4902C /* CenterViewController.swift in Sources */ = {isa = PBXBuildFile; fileRef = 18AA5CD8249B528000F4902C /* CenterViewController.swift */; };
		18AA5CDF249B528000F4902C /* ContainerViewController.swift in Sources */ = {isa = PBXBuildFile; fileRef = 18AA5CDA249B528000F4902C /* ContainerViewController.swift */; };
		18AA5CE7249B5BBB00F4902C /* Right_SidePanelViewController.swift in Sources */ = {isa = PBXBuildFile; fileRef = 18AA5CE6249B5BBB00F4902C /* Right_SidePanelViewController.swift */; };
		18DEA0AE249DD4CD0050E7EF /* Acknowledgement_ViewController.swift in Sources */ = {isa = PBXBuildFile; fileRef = 18DEA0AD249DD4CD0050E7EF /* Acknowledgement_ViewController.swift */; };
		E84CF0D12498B38E00136D6C /* AppDelegate.swift in Sources */ = {isa = PBXBuildFile; fileRef = E84CF0D02498B38E00136D6C /* AppDelegate.swift */; };
		E84CF0D62498B38E00136D6C /* Main.storyboard in Resources */ = {isa = PBXBuildFile; fileRef = E84CF0D42498B38E00136D6C /* Main.storyboard */; };
		E84CF0D82498B39000136D6C /* Assets.xcassets in Resources */ = {isa = PBXBuildFile; fileRef = E84CF0D72498B39000136D6C /* Assets.xcassets */; };
		E84CF0DB2498B39000136D6C /* LaunchScreen.storyboard in Resources */ = {isa = PBXBuildFile; fileRef = E84CF0D92498B39000136D6C /* LaunchScreen.storyboard */; };
		E84CF0E62498B39000136D6C /* fogerpTests.swift in Sources */ = {isa = PBXBuildFile; fileRef = E84CF0E52498B39000136D6C /* fogerpTests.swift */; };
		E84CF0F12498B39000136D6C /* fogerpUITests.swift in Sources */ = {isa = PBXBuildFile; fileRef = E84CF0F02498B39000136D6C /* fogerpUITests.swift */; };
		E8D9AC4D2498C4E6003AC7B1 /* ViewController_Login.swift in Sources */ = {isa = PBXBuildFile; fileRef = E8D9AC4C2498C4E6003AC7B1 /* ViewController_Login.swift */; };
/* End PBXBuildFile section */

/* Begin PBXContainerItemProxy section */
		E84CF0E22498B39000136D6C /* PBXContainerItemProxy */ = {
			isa = PBXContainerItemProxy;
			containerPortal = E84CF0C52498B38E00136D6C /* Project object */;
			proxyType = 1;
			remoteGlobalIDString = E84CF0CC2498B38E00136D6C;
			remoteInfo = fogerp;
		};
		E84CF0ED2498B39000136D6C /* PBXContainerItemProxy */ = {
			isa = PBXContainerItemProxy;
			containerPortal = E84CF0C52498B38E00136D6C /* Project object */;
			proxyType = 1;
			remoteGlobalIDString = E84CF0CC2498B38E00136D6C;
			remoteInfo = fogerp;
		};
/* End PBXContainerItemProxy section */

/* Begin PBXFileReference section */
		181842DC24A1D5B300441E08 /* CardView.swift */ = {isa = PBXFileReference; lastKnownFileType = sourcecode.swift; path = CardView.swift; sourceTree = "<group>"; };
		181842DE24A1D77400441E08 /* SingleRow_tasklist_Dashboard.swift */ = {isa = PBXFileReference; lastKnownFileType = sourcecode.swift; path = SingleRow_tasklist_Dashboard.swift; sourceTree = "<group>"; };
		1832C46224A4661000C25289 /* LeadList_ViewController.swift */ = {isa = PBXFileReference; lastKnownFileType = sourcecode.swift; path = LeadList_ViewController.swift; sourceTree = "<group>"; };
		1832C46424A4663C00C25289 /* SingleRow_LeadList.swift */ = {isa = PBXFileReference; lastKnownFileType = sourcecode.swift; path = SingleRow_LeadList.swift; sourceTree = "<group>"; };
		1832C46624A5AA9900C25289 /* View_Expense_ViewController.swift */ = {isa = PBXFileReference; lastKnownFileType = sourcecode.swift; path = View_Expense_ViewController.swift; sourceTree = "<group>"; };
		1832C46824A5AACB00C25289 /* Single_Row_ViewExpense.swift */ = {isa = PBXFileReference; lastKnownFileType = sourcecode.swift; path = Single_Row_ViewExpense.swift; sourceTree = "<group>"; };
		1832C46A24A5B78B00C25289 /* MySOP_ViewController.swift */ = {isa = PBXFileReference; lastKnownFileType = sourcecode.swift; path = MySOP_ViewController.swift; sourceTree = "<group>"; };
		1832C46C24A5B7DD00C25289 /* SingleRow_MySOP.swift */ = {isa = PBXFileReference; lastKnownFileType = sourcecode.swift; path = SingleRow_MySOP.swift; sourceTree = "<group>"; };
		1832C46E24A5BC7900C25289 /* MyReport_ViewController.swift */ = {isa = PBXFileReference; lastKnownFileType = sourcecode.swift; path = MyReport_ViewController.swift; sourceTree = "<group>"; };
		1832C47024A5BC9200C25289 /* SingleRow_MyReportTableViewCell.swift */ = {isa = PBXFileReference; lastKnownFileType = sourcecode.swift; path = SingleRow_MyReportTableViewCell.swift; sourceTree = "<group>"; };
		1843D8C624A46222005324EA /* Warning_ViewController.swift */ = {isa = PBXFileReference; lastKnownFileType = sourcecode.swift; path = Warning_ViewController.swift; sourceTree = "<group>"; };
		1843D8C824A46250005324EA /* SingleRow_Warning.swift */ = {isa = PBXFileReference; lastKnownFileType = sourcecode.swift; path = SingleRow_Warning.swift; sourceTree = "<group>"; };
		18A813EA24A324C300441353 /* SingleRow_Acknowledgement.swift */ = {isa = PBXFileReference; lastKnownFileType = sourcecode.swift; path = SingleRow_Acknowledgement.swift; sourceTree = "<group>"; };
		18A813EC24A337CC00441353 /* LeaveStatus_ViewController.swift */ = {isa = PBXFileReference; lastKnownFileType = sourcecode.swift; path = LeaveStatus_ViewController.swift; sourceTree = "<group>"; };
		18A813EE24A33FD100441353 /* SingleRow_LeaveStatus_TableViewCell.swift */ = {isa = PBXFileReference; lastKnownFileType = sourcecode.swift; path = SingleRow_LeaveStatus_TableViewCell.swift; sourceTree = "<group>"; };
		18AA5CD6249B527F00F4902C /* SidePanelViewController.swift */ = {isa = PBXFileReference; fileEncoding = 4; lastKnownFileType = sourcecode.swift; path = SidePanelViewController.swift; sourceTree = "<group>"; };
		18AA5CD8249B528000F4902C /* CenterViewController.swift */ = {isa = PBXFileReference; fileEncoding = 4; lastKnownFileType = sourcecode.swift; path = CenterViewController.swift; sourceTree = "<group>"; };
		18AA5CDA249B528000F4902C /* ContainerViewController.swift */ = {isa = PBXFileReference; fileEncoding = 4; lastKnownFileType = sourcecode.swift; path = ContainerViewController.swift; sourceTree = "<group>"; };
		18AA5CE6249B5BBB00F4902C /* Right_SidePanelViewController.swift */ = {isa = PBXFileReference; lastKnownFileType = sourcecode.swift; path = Right_SidePanelViewController.swift; sourceTree = "<group>"; };
		18DEA0AD249DD4CD0050E7EF /* Acknowledgement_ViewController.swift */ = {isa = PBXFileReference; lastKnownFileType = sourcecode.swift; path = Acknowledgement_ViewController.swift; sourceTree = "<group>"; };
		E84CF0CD2498B38E00136D6C /* fogerp.app */ = {isa = PBXFileReference; explicitFileType = wrapper.application; includeInIndex = 0; path = fogerp.app; sourceTree = BUILT_PRODUCTS_DIR; };
		E84CF0D02498B38E00136D6C /* AppDelegate.swift */ = {isa = PBXFileReference; lastKnownFileType = sourcecode.swift; path = AppDelegate.swift; sourceTree = "<group>"; };
		E84CF0D52498B38E00136D6C /* Base */ = {isa = PBXFileReference; lastKnownFileType = file.storyboard; name = Base; path = Base.lproj/Main.storyboard; sourceTree = "<group>"; };
		E84CF0D72498B39000136D6C /* Assets.xcassets */ = {isa = PBXFileReference; lastKnownFileType = folder.assetcatalog; path = Assets.xcassets; sourceTree = "<group>"; };
		E84CF0DA2498B39000136D6C /* Base */ = {isa = PBXFileReference; lastKnownFileType = file.storyboard; name = Base; path = Base.lproj/LaunchScreen.storyboard; sourceTree = "<group>"; };
		E84CF0DC2498B39000136D6C /* Info.plist */ = {isa = PBXFileReference; lastKnownFileType = text.plist.xml; path = Info.plist; sourceTree = "<group>"; };
		E84CF0E12498B39000136D6C /* fogerpTests.xctest */ = {isa = PBXFileReference; explicitFileType = wrapper.cfbundle; includeInIndex = 0; path = fogerpTests.xctest; sourceTree = BUILT_PRODUCTS_DIR; };
		E84CF0E52498B39000136D6C /* fogerpTests.swift */ = {isa = PBXFileReference; lastKnownFileType = sourcecode.swift; path = fogerpTests.swift; sourceTree = "<group>"; };
		E84CF0E72498B39000136D6C /* Info.plist */ = {isa = PBXFileReference; lastKnownFileType = text.plist.xml; path = Info.plist; sourceTree = "<group>"; };
		E84CF0EC2498B39000136D6C /* fogerpUITests.xctest */ = {isa = PBXFileReference; explicitFileType = wrapper.cfbundle; includeInIndex = 0; path = fogerpUITests.xctest; sourceTree = BUILT_PRODUCTS_DIR; };
		E84CF0F02498B39000136D6C /* fogerpUITests.swift */ = {isa = PBXFileReference; lastKnownFileType = sourcecode.swift; path = fogerpUITests.swift; sourceTree = "<group>"; };
		E84CF0F22498B39000136D6C /* Info.plist */ = {isa = PBXFileReference; lastKnownFileType = text.plist.xml; path = Info.plist; sourceTree = "<group>"; };
		E8D9AC4C2498C4E6003AC7B1 /* ViewController_Login.swift */ = {isa = PBXFileReference; lastKnownFileType = sourcecode.swift; path = ViewController_Login.swift; sourceTree = "<group>"; };
/* End PBXFileReference section */

/* Begin PBXFrameworksBuildPhase section */
		E84CF0CA2498B38E00136D6C /* Frameworks */ = {
			isa = PBXFrameworksBuildPhase;
			buildActionMask = 2147483647;
			files = (
			);
			runOnlyForDeploymentPostprocessing = 0;
		};
		E84CF0DE2498B39000136D6C /* Frameworks */ = {
			isa = PBXFrameworksBuildPhase;
			buildActionMask = 2147483647;
			files = (
			);
			runOnlyForDeploymentPostprocessing = 0;
		};
		E84CF0E92498B39000136D6C /* Frameworks */ = {
			isa = PBXFrameworksBuildPhase;
			buildActionMask = 2147483647;
			files = (
			);
			runOnlyForDeploymentPostprocessing = 0;
		};
/* End PBXFrameworksBuildPhase section */

/* Begin PBXGroup section */
		18AA5CD5249B4FAF00F4902C /* SwipeController */ = {
			isa = PBXGroup;
			children = (
				18AA5CD8249B528000F4902C /* CenterViewController.swift */,
				18AA5CDA249B528000F4902C /* ContainerViewController.swift */,
				18AA5CD6249B527F00F4902C /* SidePanelViewController.swift */,
				18AA5CE6249B5BBB00F4902C /* Right_SidePanelViewController.swift */,
				18DEA0AD249DD4CD0050E7EF /* Acknowledgement_ViewController.swift */,
				18A813EC24A337CC00441353 /* LeaveStatus_ViewController.swift */,
				1843D8C624A46222005324EA /* Warning_ViewController.swift */,
				1832C46224A4661000C25289 /* LeadList_ViewController.swift */,
				1832C46424A4663C00C25289 /* SingleRow_LeadList.swift */,
				1832C46624A5AA9900C25289 /* View_Expense_ViewController.swift */,
				1832C46A24A5B78B00C25289 /* MySOP_ViewController.swift */,
				1832C46E24A5BC7900C25289 /* MyReport_ViewController.swift */,
			);
			path = SwipeController;
			sourceTree = "<group>";
		};
		E84CF0C42498B38E00136D6C = {
			isa = PBXGroup;
			children = (
				E84CF0CF2498B38E00136D6C /* fogerp */,
				E84CF0E42498B39000136D6C /* fogerpTests */,
				E84CF0EF2498B39000136D6C /* fogerpUITests */,
				E84CF0CE2498B38E00136D6C /* Products */,
			);
			sourceTree = "<group>";
		};
		E84CF0CE2498B38E00136D6C /* Products */ = {
			isa = PBXGroup;
			children = (
				E84CF0CD2498B38E00136D6C /* fogerp.app */,
				E84CF0E12498B39000136D6C /* fogerpTests.xctest */,
				E84CF0EC2498B39000136D6C /* fogerpUITests.xctest */,
			);
			name = Products;
			sourceTree = "<group>";
		};
		E84CF0CF2498B38E00136D6C /* fogerp */ = {
			isa = PBXGroup;
			children = (
				18AA5CD5249B4FAF00F4902C /* SwipeController */,
				E84CF0D02498B38E00136D6C /* AppDelegate.swift */,
				E84CF0D42498B38E00136D6C /* Main.storyboard */,
				E84CF0D72498B39000136D6C /* Assets.xcassets */,
				E84CF0D92498B39000136D6C /* LaunchScreen.storyboard */,
				E84CF0DC2498B39000136D6C /* Info.plist */,
				18A813EE24A33FD100441353 /* SingleRow_LeaveStatus_TableViewCell.swift */,
				E8D9AC4C2498C4E6003AC7B1 /* ViewController_Login.swift */,
				181842DC24A1D5B300441E08 /* CardView.swift */,
				181842DE24A1D77400441E08 /* SingleRow_tasklist_Dashboard.swift */,
				18A813EA24A324C300441353 /* SingleRow_Acknowledgement.swift */,
				1843D8C824A46250005324EA /* SingleRow_Warning.swift */,
				1832C46824A5AACB00C25289 /* Single_Row_ViewExpense.swift */,
				1832C46C24A5B7DD00C25289 /* SingleRow_MySOP.swift */,
				1832C47024A5BC9200C25289 /* SingleRow_MyReportTableViewCell.swift */,
			);
			path = fogerp;
			sourceTree = "<group>";
		};
		E84CF0E42498B39000136D6C /* fogerpTests */ = {
			isa = PBXGroup;
			children = (
				E84CF0E52498B39000136D6C /* fogerpTests.swift */,
				E84CF0E72498B39000136D6C /* Info.plist */,
			);
			path = fogerpTests;
			sourceTree = "<group>";
		};
		E84CF0EF2498B39000136D6C /* fogerpUITests */ = {
			isa = PBXGroup;
			children = (
				E84CF0F02498B39000136D6C /* fogerpUITests.swift */,
				E84CF0F22498B39000136D6C /* Info.plist */,
			);
			path = fogerpUITests;
			sourceTree = "<group>";
		};
/* End PBXGroup section */

/* Begin PBXNativeTarget section */
		E84CF0CC2498B38E00136D6C /* fogerp */ = {
			isa = PBXNativeTarget;
			buildConfigurationList = E84CF0F52498B39000136D6C /* Build configuration list for PBXNativeTarget "fogerp" */;
			buildPhases = (
				E84CF0C92498B38E00136D6C /* Sources */,
				E84CF0CA2498B38E00136D6C /* Frameworks */,
				E84CF0CB2498B38E00136D6C /* Resources */,
			);
			buildRules = (
			);
			dependencies = (
			);
			name = fogerp;
			productName = fogerp;
			productReference = E84CF0CD2498B38E00136D6C /* fogerp.app */;
			productType = "com.apple.product-type.application";
		};
		E84CF0E02498B39000136D6C /* fogerpTests */ = {
			isa = PBXNativeTarget;
			buildConfigurationList = E84CF0F82498B39000136D6C /* Build configuration list for PBXNativeTarget "fogerpTests" */;
			buildPhases = (
				E84CF0DD2498B39000136D6C /* Sources */,
				E84CF0DE2498B39000136D6C /* Frameworks */,
				E84CF0DF2498B39000136D6C /* Resources */,
			);
			buildRules = (
			);
			dependencies = (
				E84CF0E32498B39000136D6C /* PBXTargetDependency */,
			);
			name = fogerpTests;
			productName = fogerpTests;
			productReference = E84CF0E12498B39000136D6C /* fogerpTests.xctest */;
			productType = "com.apple.product-type.bundle.unit-test";
		};
		E84CF0EB2498B39000136D6C /* fogerpUITests */ = {
			isa = PBXNativeTarget;
			buildConfigurationList = E84CF0FB2498B39000136D6C /* Build configuration list for PBXNativeTarget "fogerpUITests" */;
			buildPhases = (
				E84CF0E82498B39000136D6C /* Sources */,
				E84CF0E92498B39000136D6C /* Frameworks */,
				E84CF0EA2498B39000136D6C /* Resources */,
			);
			buildRules = (
			);
			dependencies = (
				E84CF0EE2498B39000136D6C /* PBXTargetDependency */,
			);
			name = fogerpUITests;
			productName = fogerpUITests;
			productReference = E84CF0EC2498B39000136D6C /* fogerpUITests.xctest */;
			productType = "com.apple.product-type.bundle.ui-testing";
		};
/* End PBXNativeTarget section */

/* Begin PBXProject section */
		E84CF0C52498B38E00136D6C /* Project object */ = {
			isa = PBXProject;
			attributes = {
				LastSwiftUpdateCheck = 1010;
				LastUpgradeCheck = 1010;
				ORGANIZATIONNAME = kachhua;
				TargetAttributes = {
					E84CF0CC2498B38E00136D6C = {
						CreatedOnToolsVersion = 10.1;
						LastSwiftMigration = 1020;
					};
					E84CF0E02498B39000136D6C = {
						CreatedOnToolsVersion = 10.1;
						TestTargetID = E84CF0CC2498B38E00136D6C;
					};
					E84CF0EB2498B39000136D6C = {
						CreatedOnToolsVersion = 10.1;
						TestTargetID = E84CF0CC2498B38E00136D6C;
					};
				};
			};
			buildConfigurationList = E84CF0C82498B38E00136D6C /* Build configuration list for PBXProject "fogerp" */;
			compatibilityVersion = "Xcode 9.3";
			developmentRegion = en;
			hasScannedForEncodings = 0;
			knownRegions = (
				en,
				Base,
			);
			mainGroup = E84CF0C42498B38E00136D6C;
			productRefGroup = E84CF0CE2498B38E00136D6C /* Products */;
			projectDirPath = "";
			projectRoot = "";
			targets = (
				E84CF0CC2498B38E00136D6C /* fogerp */,
				E84CF0E02498B39000136D6C /* fogerpTests */,
				E84CF0EB2498B39000136D6C /* fogerpUITests */,
			);
		};
/* End PBXProject section */

/* Begin PBXResourcesBuildPhase section */
		E84CF0CB2498B38E00136D6C /* Resources */ = {
			isa = PBXResourcesBuildPhase;
			buildActionMask = 2147483647;
			files = (
				E84CF0DB2498B39000136D6C /* LaunchScreen.storyboard in Resources */,
				E84CF0D82498B39000136D6C /* Assets.xcassets in Resources */,
				E84CF0D62498B38E00136D6C /* Main.storyboard in Resources */,
			);
			runOnlyForDeploymentPostprocessing = 0;
		};
		E84CF0DF2498B39000136D6C /* Resources */ = {
			isa = PBXResourcesBuildPhase;
			buildActionMask = 2147483647;
			files = (
			);
			runOnlyForDeploymentPostprocessing = 0;
		};
		E84CF0EA2498B39000136D6C /* Resources */ = {
			isa = PBXResourcesBuildPhase;
			buildActionMask = 2147483647;
			files = (
			);
			runOnlyForDeploymentPostprocessing = 0;
		};
/* End PBXResourcesBuildPhase section */

/* Begin PBXSourcesBuildPhase section */
		E84CF0C92498B38E00136D6C /* Sources */ = {
			isa = PBXSourcesBuildPhase;
			buildActionMask = 2147483647;
			files = (
				1832C46324A4661000C25289 /* LeadList_ViewController.swift in Sources */,
				1832C46D24A5B7DD00C25289 /* SingleRow_MySOP.swift in Sources */,
				1832C47124A5BC9200C25289 /* SingleRow_MyReportTableViewCell.swift in Sources */,
				E8D9AC4D2498C4E6003AC7B1 /* ViewController_Login.swift in Sources */,
				18AA5CE7249B5BBB00F4902C /* Right_SidePanelViewController.swift in Sources */,
				1843D8C724A46222005324EA /* Warning_ViewController.swift in Sources */,
				1832C46924A5AACB00C25289 /* Single_Row_ViewExpense.swift in Sources */,
				1832C46B24A5B78B00C25289 /* MySOP_ViewController.swift in Sources */,
				1843D8C924A46250005324EA /* SingleRow_Warning.swift in Sources */,
				18AA5CDF249B528000F4902C /* ContainerViewController.swift in Sources */,
				18AA5CDD249B528000F4902C /* CenterViewController.swift in Sources */,
				18A813EF24A33FD100441353 /* SingleRow_LeaveStatus_TableViewCell.swift in Sources */,
				E84CF0D12498B38E00136D6C /* AppDelegate.swift in Sources */,
				181842DF24A1D77400441E08 /* SingleRow_tasklist_Dashboard.swift in Sources */,
				18A813ED24A337CC00441353 /* LeaveStatus_ViewController.swift in Sources */,
				18AA5CDB249B528000F4902C /* SidePanelViewController.swift in Sources */,
				18A813EB24A324C300441353 /* SingleRow_Acknowledgement.swift in Sources */,
				1832C46F24A5BC7900C25289 /* MyReport_ViewController.swift in Sources */,
				18DEA0AE249DD4CD0050E7EF /* Acknowledgement_ViewController.swift in Sources */,
				1832C46524A4663C00C25289 /* SingleRow_LeadList.swift in Sources */,
				1832C46724A5AA9900C25289 /* View_Expense_ViewController.swift in Sources */,
				181842DD24A1D5B300441E08 /* CardView.swift in Sources */,
			);
			runOnlyForDeploymentPostprocessing = 0;
		};
		E84CF0DD2498B39000136D6C /* Sources */ = {
			isa = PBXSourcesBuildPhase;
			buildActionMask = 2147483647;
			files = (
				E84CF0E62498B39000136D6C /* fogerpTests.swift in Sources */,
			);
			runOnlyForDeploymentPostprocessing = 0;
		};
		E84CF0E82498B39000136D6C /* Sources */ = {
			isa = PBXSourcesBuildPhase;
			buildActionMask = 2147483647;
			files = (
				E84CF0F12498B39000136D6C /* fogerpUITests.swift in Sources */,
			);
			runOnlyForDeploymentPostprocessing = 0;
		};
/* End PBXSourcesBuildPhase section */

/* Begin PBXTargetDependency section */
		E84CF0E32498B39000136D6C /* PBXTargetDependency */ = {
			isa = PBXTargetDependency;
			target = E84CF0CC2498B38E00136D6C /* fogerp */;
			targetProxy = E84CF0E22498B39000136D6C /* PBXContainerItemProxy */;
		};
		E84CF0EE2498B39000136D6C /* PBXTargetDependency */ = {
			isa = PBXTargetDependency;
			target = E84CF0CC2498B38E00136D6C /* fogerp */;
			targetProxy = E84CF0ED2498B39000136D6C /* PBXContainerItemProxy */;
		};
/* End PBXTargetDependency section */

/* Begin PBXVariantGroup section */
		E84CF0D42498B38E00136D6C /* Main.storyboard */ = {
			isa = PBXVariantGroup;
			children = (
				E84CF0D52498B38E00136D6C /* Base */,
			);
			name = Main.storyboard;
			sourceTree = "<group>";
		};
		E84CF0D92498B39000136D6C /* LaunchScreen.storyboard */ = {
			isa = PBXVariantGroup;
			children = (
				E84CF0DA2498B39000136D6C /* Base */,
			);
			name = LaunchScreen.storyboard;
			sourceTree = "<group>";
		};
/* End PBXVariantGroup section */

/* Begin XCBuildConfiguration section */
		E84CF0F32498B39000136D6C /* Debug */ = {
			isa = XCBuildConfiguration;
			buildSettings = {
				ALWAYS_SEARCH_USER_PATHS = NO;
				CLANG_ANALYZER_NONNULL = YES;
				CLANG_ANALYZER_NUMBER_OBJECT_CONVERSION = YES_AGGRESSIVE;
				CLANG_CXX_LANGUAGE_STANDARD = "gnu++14";
				CLANG_CXX_LIBRARY = "libc++";
				CLANG_ENABLE_MODULES = YES;
				CLANG_ENABLE_OBJC_ARC = YES;
				CLANG_ENABLE_OBJC_WEAK = YES;
				CLANG_WARN_BLOCK_CAPTURE_AUTORELEASING = YES;
				CLANG_WARN_BOOL_CONVERSION = YES;
				CLANG_WARN_COMMA = YES;
				CLANG_WARN_CONSTANT_CONVERSION = YES;
				CLANG_WARN_DEPRECATED_OBJC_IMPLEMENTATIONS = YES;
				CLANG_WARN_DIRECT_OBJC_ISA_USAGE = YES_ERROR;
				CLANG_WARN_DOCUMENTATION_COMMENTS = YES;
				CLANG_WARN_EMPTY_BODY = YES;
				CLANG_WARN_ENUM_CONVERSION = YES;
				CLANG_WARN_INFINITE_RECURSION = YES;
				CLANG_WARN_INT_CONVERSION = YES;
				CLANG_WARN_NON_LITERAL_NULL_CONVERSION = YES;
				CLANG_WARN_OBJC_IMPLICIT_RETAIN_SELF = YES;
				CLANG_WARN_OBJC_LITERAL_CONVERSION = YES;
				CLANG_WARN_OBJC_ROOT_CLASS = YES_ERROR;
				CLANG_WARN_RANGE_LOOP_ANALYSIS = YES;
				CLANG_WARN_STRICT_PROTOTYPES = YES;
				CLANG_WARN_SUSPICIOUS_MOVE = YES;
				CLANG_WARN_UNGUARDED_AVAILABILITY = YES_AGGRESSIVE;
				CLANG_WARN_UNREACHABLE_CODE = YES;
				CLANG_WARN__DUPLICATE_METHOD_MATCH = YES;
				CODE_SIGN_IDENTITY = "iPhone Developer";
				COPY_PHASE_STRIP = NO;
				DEBUG_INFORMATION_FORMAT = dwarf;
				ENABLE_STRICT_OBJC_MSGSEND = YES;
				ENABLE_TESTABILITY = YES;
				GCC_C_LANGUAGE_STANDARD = gnu11;
				GCC_DYNAMIC_NO_PIC = NO;
				GCC_NO_COMMON_BLOCKS = YES;
				GCC_OPTIMIZATION_LEVEL = 0;
				GCC_PREPROCESSOR_DEFINITIONS = (
					"DEBUG=1",
					"$(inherited)",
				);
				GCC_WARN_64_TO_32_BIT_CONVERSION = YES;
				GCC_WARN_ABOUT_RETURN_TYPE = YES_ERROR;
				GCC_WARN_UNDECLARED_SELECTOR = YES;
				GCC_WARN_UNINITIALIZED_AUTOS = YES_AGGRESSIVE;
				GCC_WARN_UNUSED_FUNCTION = YES;
				GCC_WARN_UNUSED_VARIABLE = YES;
				IPHONEOS_DEPLOYMENT_TARGET = 12.1;
				MTL_ENABLE_DEBUG_INFO = INCLUDE_SOURCE;
				MTL_FAST_MATH = YES;
				ONLY_ACTIVE_ARCH = YES;
				SDKROOT = iphoneos;
				SWIFT_ACTIVE_COMPILATION_CONDITIONS = DEBUG;
				SWIFT_OPTIMIZATION_LEVEL = "-Onone";
			};
			name = Debug;
		};
		E84CF0F42498B39000136D6C /* Release */ = {
			isa = XCBuildConfiguration;
			buildSettings = {
				ALWAYS_SEARCH_USER_PATHS = NO;
				CLANG_ANALYZER_NONNULL = YES;
				CLANG_ANALYZER_NUMBER_OBJECT_CONVERSION = YES_AGGRESSIVE;
				CLANG_CXX_LANGUAGE_STANDARD = "gnu++14";
				CLANG_CXX_LIBRARY = "libc++";
				CLANG_ENABLE_MODULES = YES;
				CLANG_ENABLE_OBJC_ARC = YES;
				CLANG_ENABLE_OBJC_WEAK = YES;
				CLANG_WARN_BLOCK_CAPTURE_AUTORELEASING = YES;
				CLANG_WARN_BOOL_CONVERSION = YES;
				CLANG_WARN_COMMA = YES;
				CLANG_WARN_CONSTANT_CONVERSION = YES;
				CLANG_WARN_DEPRECATED_OBJC_IMPLEMENTATIONS = YES;
				CLANG_WARN_DIRECT_OBJC_ISA_USAGE = YES_ERROR;
				CLANG_WARN_DOCUMENTATION_COMMENTS = YES;
				CLANG_WARN_EMPTY_BODY = YES;
				CLANG_WARN_ENUM_CONVERSION = YES;
				CLANG_WARN_INFINITE_RECURSION = YES;
				CLANG_WARN_INT_CONVERSION = YES;
				CLANG_WARN_NON_LITERAL_NULL_CONVERSION = YES;
				CLANG_WARN_OBJC_IMPLICIT_RETAIN_SELF = YES;
				CLANG_WARN_OBJC_LITERAL_CONVERSION = YES;
				CLANG_WARN_OBJC_ROOT_CLASS = YES_ERROR;
				CLANG_WARN_RANGE_LOOP_ANALYSIS = YES;
				CLANG_WARN_STRICT_PROTOTYPES = YES;
				CLANG_WARN_SUSPICIOUS_MOVE = YES;
				CLANG_WARN_UNGUARDED_AVAILABILITY = YES_AGGRESSIVE;
				CLANG_WARN_UNREACHABLE_CODE = YES;
				CLANG_WARN__DUPLICATE_METHOD_MATCH = YES;
				CODE_SIGN_IDENTITY = "iPhone Developer";
				COPY_PHASE_STRIP = NO;
				DEBUG_INFORMATION_FORMAT = "dwarf-with-dsym";
				ENABLE_NS_ASSERTIONS = NO;
				ENABLE_STRICT_OBJC_MSGSEND = YES;
				GCC_C_LANGUAGE_STANDARD = gnu11;
				GCC_NO_COMMON_BLOCKS = YES;
				GCC_WARN_64_TO_32_BIT_CONVERSION = YES;
				GCC_WARN_ABOUT_RETURN_TYPE = YES_ERROR;
				GCC_WARN_UNDECLARED_SELECTOR = YES;
				GCC_WARN_UNINITIALIZED_AUTOS = YES_AGGRESSIVE;
				GCC_WARN_UNUSED_FUNCTION = YES;
				GCC_WARN_UNUSED_VARIABLE = YES;
				IPHONEOS_DEPLOYMENT_TARGET = 12.1;
				MTL_ENABLE_DEBUG_INFO = NO;
				MTL_FAST_MATH = YES;
				SDKROOT = iphoneos;
				SWIFT_COMPILATION_MODE = wholemodule;
				SWIFT_OPTIMIZATION_LEVEL = "-O";
				VALIDATE_PRODUCT = YES;
			};
			name = Release;
		};
		E84CF0F62498B39000136D6C /* Debug */ = {
			isa = XCBuildConfiguration;
			buildSettings = {
				ASSETCATALOG_COMPILER_APPICON_NAME = AppIcon;
				CLANG_ENABLE_MODULES = YES;
				CODE_SIGN_STYLE = Automatic;
				DEVELOPMENT_TEAM = 8929524NC3;
				INFOPLIST_FILE = fogerp/Info.plist;
				LD_RUNPATH_SEARCH_PATHS = (
					"$(inherited)",
					"@executable_path/Frameworks",
				);
				PRODUCT_BUNDLE_IDENTIFIER = com.kachhua.fogerp;
				PRODUCT_NAME = "$(TARGET_NAME)";
				SWIFT_OPTIMIZATION_LEVEL = "-Onone";
				SWIFT_VERSION = 4.2;
				TARGETED_DEVICE_FAMILY = "1,2";
			};
			name = Debug;
		};
		E84CF0F72498B39000136D6C /* Release */ = {
			isa = XCBuildConfiguration;
			buildSettings = {
				ASSETCATALOG_COMPILER_APPICON_NAME = AppIcon;
				CLANG_ENABLE_MODULES = YES;
				CODE_SIGN_STYLE = Automatic;
				DEVELOPMENT_TEAM = 8929524NC3;
				INFOPLIST_FILE = fogerp/Info.plist;
				LD_RUNPATH_SEARCH_PATHS = (
					"$(inherited)",
					"@executable_path/Frameworks",
				);
				PRODUCT_BUNDLE_IDENTIFIER = com.kachhua.fogerp;
				PRODUCT_NAME = "$(TARGET_NAME)";
				SWIFT_VERSION = 4.2;
				TARGETED_DEVICE_FAMILY = "1,2";
			};
			name = Release;
		};
		E84CF0F92498B39000136D6C /* Debug */ = {
			isa = XCBuildConfiguration;
			buildSettings = {
				ALWAYS_EMBED_SWIFT_STANDARD_LIBRARIES = YES;
				BUNDLE_LOADER = "$(TEST_HOST)";
				CODE_SIGN_STYLE = Automatic;
				INFOPLIST_FILE = fogerpTests/Info.plist;
				LD_RUNPATH_SEARCH_PATHS = (
					"$(inherited)",
					"@executable_path/Frameworks",
					"@loader_path/Frameworks",
				);
				PRODUCT_BUNDLE_IDENTIFIER = com.kachhua.fogerpTests;
				PRODUCT_NAME = "$(TARGET_NAME)";
				SWIFT_VERSION = 4.2;
				TARGETED_DEVICE_FAMILY = "1,2";
				TEST_HOST = "$(BUILT_PRODUCTS_DIR)/fogerp.app/fogerp";
			};
			name = Debug;
		};
		E84CF0FA2498B39000136D6C /* Release */ = {
			isa = XCBuildConfiguration;
			buildSettings = {
				ALWAYS_EMBED_SWIFT_STANDARD_LIBRARIES = YES;
				BUNDLE_LOADER = "$(TEST_HOST)";
				CODE_SIGN_STYLE = Automatic;
				INFOPLIST_FILE = fogerpTests/Info.plist;
				LD_RUNPATH_SEARCH_PATHS = (
					"$(inherited)",
					"@executable_path/Frameworks",
					"@loader_path/Frameworks",
				);
				PRODUCT_BUNDLE_IDENTIFIER = com.kachhua.fogerpTests;
				PRODUCT_NAME = "$(TARGET_NAME)";
				SWIFT_VERSION = 4.2;
				TARGETED_DEVICE_FAMILY = "1,2";
				TEST_HOST = "$(BUILT_PRODUCTS_DIR)/fogerp.app/fogerp";
			};
			name = Release;
		};
		E84CF0FC2498B39000136D6C /* Debug */ = {
			isa = XCBuildConfiguration;
			buildSettings = {
				ALWAYS_EMBED_SWIFT_STANDARD_LIBRARIES = YES;
				CODE_SIGN_STYLE = Automatic;
				INFOPLIST_FILE = fogerpUITests/Info.plist;
				LD_RUNPATH_SEARCH_PATHS = (
					"$(inherited)",
					"@executable_path/Frameworks",
					"@loader_path/Frameworks",
				);
				PRODUCT_BUNDLE_IDENTIFIER = com.kachhua.fogerpUITests;
				PRODUCT_NAME = "$(TARGET_NAME)";
				SWIFT_VERSION = 4.2;
				TARGETED_DEVICE_FAMILY = "1,2";
				TEST_TARGET_NAME = fogerp;
			};
			name = Debug;
		};
		E84CF0FD2498B39000136D6C /* Release */ = {
			isa = XCBuildConfiguration;
			buildSettings = {
				ALWAYS_EMBED_SWIFT_STANDARD_LIBRARIES = YES;
				CODE_SIGN_STYLE = Automatic;
				INFOPLIST_FILE = fogerpUITests/Info.plist;
				LD_RUNPATH_SEARCH_PATHS = (
					"$(inherited)",
					"@executable_path/Frameworks",
					"@loader_path/Frameworks",
				);
				PRODUCT_BUNDLE_IDENTIFIER = com.kachhua.fogerpUITests;
				PRODUCT_NAME = "$(TARGET_NAME)";
				SWIFT_VERSION = 4.2;
				TARGETED_DEVICE_FAMILY = "1,2";
				TEST_TARGET_NAME = fogerp;
			};
			name = Release;
		};
/* End XCBuildConfiguration section */

/* Begin XCConfigurationList section */
		E84CF0C82498B38E00136D6C /* Build configuration list for PBXProject "fogerp" */ = {
			isa = XCConfigurationList;
			buildConfigurations = (
				E84CF0F32498B39000136D6C /* Debug */,
				E84CF0F42498B39000136D6C /* Release */,
			);
			defaultConfigurationIsVisible = 0;
			defaultConfigurationName = Release;
		};
		E84CF0F52498B39000136D6C /* Build configuration list for PBXNativeTarget "fogerp" */ = {
			isa = XCConfigurationList;
			buildConfigurations = (
				E84CF0F62498B39000136D6C /* Debug */,
				E84CF0F72498B39000136D6C /* Release */,
			);
			defaultConfigurationIsVisible = 0;
			defaultConfigurationName = Release;
		};
		E84CF0F82498B39000136D6C /* Build configuration list for PBXNativeTarget "fogerpTests" */ = {
			isa = XCConfigurationList;
			buildConfigurations = (
				E84CF0F92498B39000136D6C /* Debug */,
				E84CF0FA2498B39000136D6C /* Release */,
			);
			defaultConfigurationIsVisible = 0;
			defaultConfigurationName = Release;
		};
		E84CF0FB2498B39000136D6C /* Build configuration list for PBXNativeTarget "fogerpUITests" */ = {
			isa = XCConfigurationList;
			buildConfigurations = (
				E84CF0FC2498B39000136D6C /* Debug */,
				E84CF0FD2498B39000136D6C /* Release */,
			);
			defaultConfigurationIsVisible = 0;
			defaultConfigurationName = Release;
		};
/* End XCConfigurationList section */
	};
	rootObject = E84CF0C52498B38E00136D6C /* Project object */;
}
